{
  "name": "astro-on-swa-scaffolding",
  "version": "1.0.0",
  "lockfileVersion": 3,
  "requires": true,
  "packages": {
    "": {
      "name": "astro-on-swa-scaffolding",
      "version": "1.0.0",
      "license": "ISC",
      "workspaces": [
        "packages/api",
        "packages/ui"
      ]
    },
    "node_modules/api": {
      "resolved": "packages/api",
      "link": true
    },
    "node_modules/ui": {
      "resolved": "packages/ui",
      "link": true
    },
    "packages/api": {
      "version": "1.0.0",
      "license": "ISC"
    },
    "packages/ui": {
      "version": "1.0.0",
      "license": "ISC"
    }
  }
}
